
Microsoft Visual Studio Solution File, Format Version 12.00
# Visual Studio Version 17
VisualStudioVersion = 17.0.31903.59
MinimumVisualStudioVersion = 10.0.40219.1
Project("{2150E333-8FDC-42A3-9474-1A3956D46DE8}") = "Faces", "Faces", "{584C3D4E-96E4-40EB-907D-8A15A0753E0B}"
EndProject
Project("{9A19103F-16F7-4668-BE54-9A1E7A4F7556}") = "FacesApi", "FacesApi\FacesApi.csproj", "{8DAADF92-7770-4CAF-BDBC-A8A4CEB965FC}"
EndProject
Project("{9A19103F-16F7-4668-BE54-9A1E7A4F7556}") = "FaceApiTest", "FaceApiTest\FaceApiTest.csproj", "{FD85219D-C840-488C-834F-44EB2293CF4E}"
EndProject
Project("{2150E333-8FDC-42A3-9474-1A3956D46DE8}") = "Faces.SharedLib", "Faces.SharedLib", "{1F10B327-D937-4B0F-A93C-573C8FC1F216}"
EndProject
Project("{2150E333-8FDC-42A3-9474-1A3956D46DE8}") = "Faces.Web", "Faces.Web", "{9C706C6F-E3D7-4E34-8127-076A64ED7722}"
EndProject
Project("{9A19103F-16F7-4668-BE54-9A1E7A4F7556}") = "Messaging.InterfacesConstants", "Messaging.InterfacesConstants\Messaging.InterfacesConstants.csproj", "{767918CB-AD18-4F60-A2AB-DC9B6171E633}"
EndProject
Project("{9A19103F-16F7-4668-BE54-9A1E7A4F7556}") = "Faces.WebMvc", "Faces.Web\Faces.WebMvc\Faces.WebMvc.csproj", "{BADB63D6-DADB-4D81-A291-CBFCBA279EEB}"
EndProject
Project("{2150E333-8FDC-42A3-9474-1A3956D46DE8}") = "Ordering", "Ordering", "{3E00FD72-857E-4E5E-B6A2-0DECA19E345E}"
EndProject
Project("{9A19103F-16F7-4668-BE54-9A1E7A4F7556}") = "OrdersApi", "Ordering\OrdersApi\OrdersApi.csproj", "{47280BB9-4EC2-4010-93AA-DB881DE1E261}"
EndProject
Project("{2150E333-8FDC-42A3-9474-1A3956D46DE8}") = "CustomerNotification", "CustomerNotification", "{F8CDC2D8-40D5-4581-9838-34E4267FAE99}"
EndProject
Project("{FAE04EC0-301F-11D3-BF4B-00C04F79EFBC}") = "NotificationService", "CustomerNotification\NotificationService\NotificationService.csproj", "{86E5F7A7-F156-4317-95EB-FD10264BD6DF}"
EndProject
Project("{FAE04EC0-301F-11D3-BF4B-00C04F79EFBC}") = "EmailService", "CustomerNotification\EmailService\EmailService.csproj", "{3898C37C-4465-46D5-B22D-5105C7EABB37}"
EndProject
Global
	GlobalSection(SolutionConfigurationPlatforms) = preSolution
		Debug|Any CPU = Debug|Any CPU
		Release|Any CPU = Release|Any CPU
	EndGlobalSection
	GlobalSection(ProjectConfigurationPlatforms) = postSolution
		{8DAADF92-7770-4CAF-BDBC-A8A4CEB965FC}.Debug|Any CPU.ActiveCfg = Debug|Any CPU
		{8DAADF92-7770-4CAF-BDBC-A8A4CEB965FC}.Debug|Any CPU.Build.0 = Debug|Any CPU
		{8DAADF92-7770-4CAF-BDBC-A8A4CEB965FC}.Release|Any CPU.ActiveCfg = Release|Any CPU
		{8DAADF92-7770-4CAF-BDBC-A8A4CEB965FC}.Release|Any CPU.Build.0 = Release|Any CPU
		{FD85219D-C840-488C-834F-44EB2293CF4E}.Debug|Any CPU.ActiveCfg = Debug|Any CPU
		{FD85219D-C840-488C-834F-44EB2293CF4E}.Debug|Any CPU.Build.0 = Debug|Any CPU
		{FD85219D-C840-488C-834F-44EB2293CF4E}.Release|Any CPU.ActiveCfg = Release|Any CPU
		{FD85219D-C840-488C-834F-44EB2293CF4E}.Release|Any CPU.Build.0 = Release|Any CPU
		{767918CB-AD18-4F60-A2AB-DC9B6171E633}.Debug|Any CPU.ActiveCfg = Debug|Any CPU
		{767918CB-AD18-4F60-A2AB-DC9B6171E633}.Debug|Any CPU.Build.0 = Debug|Any CPU
		{767918CB-AD18-4F60-A2AB-DC9B6171E633}.Release|Any CPU.ActiveCfg = Release|Any CPU
		{767918CB-AD18-4F60-A2AB-DC9B6171E633}.Release|Any CPU.Build.0 = Release|Any CPU
		{BADB63D6-DADB-4D81-A291-CBFCBA279EEB}.Debug|Any CPU.ActiveCfg = Debug|Any CPU
		{BADB63D6-DADB-4D81-A291-CBFCBA279EEB}.Debug|Any CPU.Build.0 = Debug|Any CPU
		{BADB63D6-DADB-4D81-A291-CBFCBA279EEB}.Release|Any CPU.ActiveCfg = Release|Any CPU
		{BADB63D6-DADB-4D81-A291-CBFCBA279EEB}.Release|Any CPU.Build.0 = Release|Any CPU
		{47280BB9-4EC2-4010-93AA-DB881DE1E261}.Debug|Any CPU.ActiveCfg = Debug|Any CPU
		{47280BB9-4EC2-4010-93AA-DB881DE1E261}.Debug|Any CPU.Build.0 = Debug|Any CPU
		{47280BB9-4EC2-4010-93AA-DB881DE1E261}.Release|Any CPU.ActiveCfg = Release|Any CPU
		{47280BB9-4EC2-4010-93AA-DB881DE1E261}.Release|Any CPU.Build.0 = Release|Any CPU
		{86E5F7A7-F156-4317-95EB-FD10264BD6DF}.Debug|Any CPU.ActiveCfg = Debug|Any CPU
		{86E5F7A7-F156-4317-95EB-FD10264BD6DF}.Debug|Any CPU.Build.0 = Debug|Any CPU
		{86E5F7A7-F156-4317-95EB-FD10264BD6DF}.Release|Any CPU.ActiveCfg = Release|Any CPU
		{86E5F7A7-F156-4317-95EB-FD10264BD6DF}.Release|Any CPU.Build.0 = Release|Any CPU
		{3898C37C-4465-46D5-B22D-5105C7EABB37}.Debug|Any CPU.ActiveCfg = Debug|Any CPU
		{3898C37C-4465-46D5-B22D-5105C7EABB37}.Debug|Any CPU.Build.0 = Debug|Any CPU
		{3898C37C-4465-46D5-B22D-5105C7EABB37}.Release|Any CPU.ActiveCfg = Release|Any CPU
		{3898C37C-4465-46D5-B22D-5105C7EABB37}.Release|Any CPU.Build.0 = Release|Any CPU
	EndGlobalSection
	GlobalSection(SolutionProperties) = preSolution
		HideSolutionNode = FALSE
	EndGlobalSection
	GlobalSection(NestedProjects) = preSolution
		{8DAADF92-7770-4CAF-BDBC-A8A4CEB965FC} = {584C3D4E-96E4-40EB-907D-8A15A0753E0B}
		{FD85219D-C840-488C-834F-44EB2293CF4E} = {584C3D4E-96E4-40EB-907D-8A15A0753E0B}
		{767918CB-AD18-4F60-A2AB-DC9B6171E633} = {1F10B327-D937-4B0F-A93C-573C8FC1F216}
		{BADB63D6-DADB-4D81-A291-CBFCBA279EEB} = {9C706C6F-E3D7-4E34-8127-076A64ED7722}
		{47280BB9-4EC2-4010-93AA-DB881DE1E261} = {3E00FD72-857E-4E5E-B6A2-0DECA19E345E}
		{86E5F7A7-F156-4317-95EB-FD10264BD6DF} = {F8CDC2D8-40D5-4581-9838-34E4267FAE99}
		{3898C37C-4465-46D5-B22D-5105C7EABB37} = {F8CDC2D8-40D5-4581-9838-34E4267FAE99}
	EndGlobalSection
	GlobalSection(ExtensibilityGlobals) = postSolution
		SolutionGuid = {39523874-8536-45C6-8ED8-63503A4F0D83}
	EndGlobalSection
EndGlobal
